
Microsoft Visual Studio Solution File, Format Version 12.00
# Visual Studio Version 17
VisualStudioVersion = 17.3.32929.385
MinimumVisualStudioVersion = 10.0.40219.1
Project("{9A19103F-16F7-4668-BE54-9A1E7A4F7556}") = "hexapod_netcore", "hexapod_netcore\hexapod_netcore.csproj", "{493B3DA8-C128-4E3C-9B63-304F5DD748EA}"
EndProject
Project("{2150E333-8FDC-42A3-9474-1A3956D46DE8}") = "Solution Items", "Solution Items", "{88DD63B1-C3A3-4722-BD1B-C2ED35CC68E3}"
	ProjectSection(SolutionItems) = preProject
		.editorconfig = .editorconfig
	EndProjectSection
EndProject
Project("{FAE04EC0-301F-11D3-BF4B-00C04F79EFBC}") = "hexapod_tester", "hexapod_tester\hexapod_tester.csproj", "{56898BEE-B0C4-49B8-8E60-ADDB4ADABF46}"
EndProject
Global
	GlobalSection(SolutionConfigurationPlatforms) = preSolution
		Debug|Any CPU = Debug|Any CPU
		Release|Any CPU = Release|Any CPU
	EndGlobalSection
	GlobalSection(ProjectConfigurationPlatforms) = postSolution
		{493B3DA8-C128-4E3C-9B63-304F5DD748EA}.Debug|Any CPU.ActiveCfg = Debug|Any CPU
		{493B3DA8-C128-4E3C-9B63-304F5DD748EA}.Debug|Any CPU.Build.0 = Debug|Any CPU
		{493B3DA8-C128-4E3C-9B63-304F5DD748EA}.Release|Any CPU.ActiveCfg = Release|Any CPU
		{493B3DA8-C128-4E3C-9B63-304F5DD748EA}.Release|Any CPU.Build.0 = Release|Any CPU
		{56898BEE-B0C4-49B8-8E60-ADDB4ADABF46}.Debug|Any CPU.ActiveCfg = Debug|Any CPU
		{56898BEE-B0C4-49B8-8E60-ADDB4ADABF46}.Debug|Any CPU.Build.0 = Debug|Any CPU
		{56898BEE-B0C4-49B8-8E60-ADDB4ADABF46}.Release|Any CPU.ActiveCfg = Release|Any CPU
		{56898BEE-B0C4-49B8-8E60-ADDB4ADABF46}.Release|Any CPU.Build.0 = Release|Any CPU
	EndGlobalSection
	GlobalSection(SolutionProperties) = preSolution
		HideSolutionNode = FALSE
	EndGlobalSection
	GlobalSection(ExtensibilityGlobals) = postSolution
		SolutionGuid = {230524FB-A424-4DEC-B6E0-6D1E66C1AF9F}
	EndGlobalSection
EndGlobal
